{
  "name": "frontend",
  "lockfileVersion": 3,
  "requires": true,
  "packages": {
    "": {
      "dependencies": {
        "@fontsource/josefin-sans": "^5.1.1"
      }
    },
    "node_modules/@fontsource/josefin-sans": {
      "version": "5.1.1",
      "resolved": "https://registry.npmjs.org/@fontsource/josefin-sans/-/josefin-sans-5.1.1.tgz",
      "integrity": "sha512-u5nSYjurtS5LtZo14SN34yhRw2yYEBRhn83LnCVbJVZs0DOxKVsZBAVf6nKJQU12IDBWu0EWN1ihQk2C3qeMqw==",
      "license": "OFL-1.1"
    }
  }
}
